
Microsoft Visual Studio Solution File, Format Version 12.00
# Visual Studio 15
VisualStudioVersion = 15.0.26730.16
MinimumVisualStudioVersion = 10.0.40219.1
Project("{FAE04EC0-301F-11D3-BF4B-00C04F79EFBC}") = "p_29-31 t_25", "p_29-31 t_25\p_29-31 t_25.csproj", "{1C4224F1-0BFA-4074-81C4-F198235CAD1C}"
EndProject
Global
	GlobalSection(SolutionConfigurationPlatforms) = preSolution
		Debug|Any CPU = Debug|Any CPU
		Release|Any CPU = Release|Any CPU
	EndGlobalSection
	GlobalSection(ProjectConfigurationPlatforms) = postSolution
		{1C4224F1-0BFA-4074-81C4-F198235CAD1C}.Debug|Any CPU.ActiveCfg = Debug|Any CPU
		{1C4224F1-0BFA-4074-81C4-F198235CAD1C}.Debug|Any CPU.Build.0 = Debug|Any CPU
		{1C4224F1-0BFA-4074-81C4-F198235CAD1C}.Release|Any CPU.ActiveCfg = Release|Any CPU
		{1C4224F1-0BFA-4074-81C4-F198235CAD1C}.Release|Any CPU.Build.0 = Release|Any CPU
	EndGlobalSection
	GlobalSection(SolutionProperties) = preSolution
		HideSolutionNode = FALSE
	EndGlobalSection
	GlobalSection(ExtensibilityGlobals) = postSolution
		SolutionGuid = {04F36222-7793-400A-BBCC-6A436C679D46}
	EndGlobalSection
EndGlobal
