
Microsoft Visual Studio Solution File, Format Version 12.00
# Visual Studio 15
VisualStudioVersion = 15.0.26730.16
MinimumVisualStudioVersion = 10.0.40219.1
Project("{FAE04EC0-301F-11D3-BF4B-00C04F79EFBC}") = "p18-19t19", "p18-19t19\p18-19t19.csproj", "{5F9B9860-A128-4C38-A274-5628F3B6EB7D}"
EndProject
Global
	GlobalSection(SolutionConfigurationPlatforms) = preSolution
		Debug|Any CPU = Debug|Any CPU
		Release|Any CPU = Release|Any CPU
	EndGlobalSection
	GlobalSection(ProjectConfigurationPlatforms) = postSolution
		{5F9B9860-A128-4C38-A274-5628F3B6EB7D}.Debug|Any CPU.ActiveCfg = Debug|Any CPU
		{5F9B9860-A128-4C38-A274-5628F3B6EB7D}.Debug|Any CPU.Build.0 = Debug|Any CPU
		{5F9B9860-A128-4C38-A274-5628F3B6EB7D}.Release|Any CPU.ActiveCfg = Release|Any CPU
		{5F9B9860-A128-4C38-A274-5628F3B6EB7D}.Release|Any CPU.Build.0 = Release|Any CPU
	EndGlobalSection
	GlobalSection(SolutionProperties) = preSolution
		HideSolutionNode = FALSE
	EndGlobalSection
	GlobalSection(ExtensibilityGlobals) = postSolution
		SolutionGuid = {05E2A023-07CF-4BAA-8DC0-1767B49E7042}
	EndGlobalSection
EndGlobal
