
Microsoft Visual Studio Solution File, Format Version 12.00
# Visual Studio 15
VisualStudioVersion = 15.0.26730.16
MinimumVisualStudioVersion = 10.0.40219.1
Project("{FAE04EC0-301F-11D3-BF4B-00C04F79EFBC}") = "p.22-23", "p.22-23\p.22-23.csproj", "{91587A34-30C2-470E-B3D7-676A11325996}"
EndProject
Global
	GlobalSection(SolutionConfigurationPlatforms) = preSolution
		Debug|Any CPU = Debug|Any CPU
		Release|Any CPU = Release|Any CPU
	EndGlobalSection
	GlobalSection(ProjectConfigurationPlatforms) = postSolution
		{91587A34-30C2-470E-B3D7-676A11325996}.Debug|Any CPU.ActiveCfg = Debug|Any CPU
		{91587A34-30C2-470E-B3D7-676A11325996}.Debug|Any CPU.Build.0 = Debug|Any CPU
		{91587A34-30C2-470E-B3D7-676A11325996}.Release|Any CPU.ActiveCfg = Release|Any CPU
		{91587A34-30C2-470E-B3D7-676A11325996}.Release|Any CPU.Build.0 = Release|Any CPU
	EndGlobalSection
	GlobalSection(SolutionProperties) = preSolution
		HideSolutionNode = FALSE
	EndGlobalSection
	GlobalSection(ExtensibilityGlobals) = postSolution
		SolutionGuid = {0FFD917B-353E-43C9-AE67-73AFEF214A98}
	EndGlobalSection
EndGlobal
